
Microsoft Visual Studio Solution File, Format Version 12.00
Project("{FAE04EC0-301F-11D3-BF4B-00C04F79EFBC}") = "Meth3", "Meth3\Meth3.csproj", "{D450B1E2-BF5C-400D-878B-3ED5B66247CE}"
EndProject
Project("{FAE04EC0-301F-11D3-BF4B-00C04F79EFBC}") = "TestMeth", "TestMeth\TestMeth.csproj", "{00DF096C-D23D-41CD-876B-91410B598AE8}"
EndProject
Global
	GlobalSection(SolutionConfigurationPlatforms) = preSolution
		Debug|Any CPU = Debug|Any CPU
		Release|Any CPU = Release|Any CPU
	EndGlobalSection
	GlobalSection(ProjectConfigurationPlatforms) = postSolution
		{D450B1E2-BF5C-400D-878B-3ED5B66247CE}.Debug|Any CPU.ActiveCfg = Debug|Any CPU
		{D450B1E2-BF5C-400D-878B-3ED5B66247CE}.Debug|Any CPU.Build.0 = Debug|Any CPU
		{D450B1E2-BF5C-400D-878B-3ED5B66247CE}.Release|Any CPU.ActiveCfg = Release|Any CPU
		{D450B1E2-BF5C-400D-878B-3ED5B66247CE}.Release|Any CPU.Build.0 = Release|Any CPU
		{00DF096C-D23D-41CD-876B-91410B598AE8}.Debug|Any CPU.ActiveCfg = Debug|Any CPU
		{00DF096C-D23D-41CD-876B-91410B598AE8}.Debug|Any CPU.Build.0 = Debug|Any CPU
		{00DF096C-D23D-41CD-876B-91410B598AE8}.Release|Any CPU.ActiveCfg = Release|Any CPU
		{00DF096C-D23D-41CD-876B-91410B598AE8}.Release|Any CPU.Build.0 = Release|Any CPU
	EndGlobalSection
EndGlobal
